PODS:
  - file_selector_macos (0.0.1):
    - FlutterMacOS
  - flutter_media_info (0.0.2):
    - FlutterMacOS
  - FlutterMacOS (1.0.0)

DEPENDENCIES:
  - file_selector_macos (from `Flutter/ephemeral/.symlinks/plugins/file_selector_macos/macos`)
  - flutter_media_info (from `Flutter/ephemeral/.symlinks/plugins/flutter_media_info/macos`)
  - FlutterMacOS (from `Flutter/ephemeral`)

EXTERNAL SOURCES:
  file_selector_macos:
    :path: Flutter/ephemeral/.symlinks/plugins/file_selector_macos/macos
  flutter_media_info:
    :path: Flutter/ephemeral/.symlinks/plugins/flutter_media_info/macos
  FlutterMacOS:
    :path: Flutter/ephemeral

SPEC CHECKSUMS:
  file_selector_macos: f1b08a781e66103e3ba279fd5d4024a2478b3af6
  flutter_media_info: 639b8e7d32d99f7d3a17ee71e27d0031f38d78e4
  FlutterMacOS: ae6af50a8ea7d6103d888583d46bd8328a7e9811

PODFILE CHECKSUM: 6eac6b3292e5142cfc23bdeb71848a40ec51c14c

COCOAPODS: 1.11.3
